// !$*UTF8*$!
{
	archiveVersion = 1;
	classes = {
	};
	objectVersion = 50;
	objects = {

/* Begin PBXBuildFile section */
		1806523A2302F0A800A943AA /* AppDelegate.swift in Sources */ = {isa = PBXBuildFile; fileRef = 180652392302F0A800A943AA /* AppDelegate.swift */; };
		1806523F2302F0A800A943AA /* Main.storyboard in Resources */ = {isa = PBXBuildFile; fileRef = 1806523D2302F0A800A943AA /* Main.storyboard */; };
		180652422302F0A800A943AA /* viewFInder.xcdatamodeld in Sources */ = {isa = PBXBuildFile; fileRef = 180652402302F0A800A943AA /* viewFInder.xcdatamodeld */; };
		180652442302F0A900A943AA /* Assets.xcassets in Resources */ = {isa = PBXBuildFile; fileRef = 180652432302F0A900A943AA /* Assets.xcassets */; };
		180652472302F0A900A943AA /* LaunchScreen.storyboard in Resources */ = {isa = PBXBuildFile; fileRef = 180652452302F0A900A943AA /* LaunchScreen.storyboard */; };
		1817C0F22302FBDC00541F6A /* ViewController.swift in Sources */ = {isa = PBXBuildFile; fileRef = 1817C0F12302FBDC00541F6A /* ViewController.swift */; };
		1817C0F423032B2100541F6A /* photoTableTableViewController.swift in Sources */ = {isa = PBXBuildFile; fileRef = 1817C0F323032B2100541F6A /* photoTableTableViewController.swift */; };
/* End PBXBuildFile section */

/* Begin PBXFileReference section */
		180652362302F0A800A943AA /* viewFInder.app */ = {isa = PBXFileReference; explicitFileType = wrapper.application; includeInIndex = 0; path = viewFInder.app; sourceTree = BUILT_PRODUCTS_DIR; };
		180652392302F0A800A943AA /* AppDelegate.swift */ = {isa = PBXFileReference; lastKnownFileType = sourcecode.swift; path = AppDelegate.swift; sourceTree = "<group>"; };
		1806523E2302F0A800A943AA /* Base */ = {isa = PBXFileReference; lastKnownFileType = file.storyboard; name = Base; path = Base.lproj/Main.storyboard; sourceTree = "<group>"; };
		180652412302F0A800A943AA /* viewFInder.xcdatamodel */ = {isa = PBXFileReference; lastKnownFileType = wrapper.xcdatamodel; path = viewFInder.xcdatamodel; sourceTree = "<group>"; };
		180652432302F0A900A943AA /* Assets.xcassets */ = {isa = PBXFileReference; lastKnownFileType = folder.assetcatalog; path = Assets.xcassets; sourceTree = "<group>"; };
		180652462302F0A900A943AA /* Base */ = {isa = PBXFileReference; lastKnownFileType = file.storyboard; name = Base; path = Base.lproj/LaunchScreen.storyboard; sourceTree = "<group>"; };
		180652482302F0A900A943AA /* Info.plist */ = {isa = PBXFileReference; lastKnownFileType = text.plist.xml; path = Info.plist; sourceTree = "<group>"; };
		1817C0F12302FBDC00541F6A /* ViewController.swift */ = {isa = PBXFileReference; lastKnownFileType = sourcecode.swift; path = ViewController.swift; sourceTree = "<group>"; };
		1817C0F323032B2100541F6A /* photoTableTableViewController.swift */ = {isa = PBXFileReference; lastKnownFileType = sourcecode.swift; path = photoTableTableViewController.swift; sourceTree = SOURCE_ROOT; };
/* End PBXFileReference section */

/* Begin PBXFrameworksBuildPhase section */
		180652332302F0A800A943AA /* Frameworks */ = {
			isa = PBXFrameworksBuildPhase;
			buildActionMask = 2147483647;
			files = (
			);
			runOnlyForDeploymentPostprocessing = 0;
		};
/* End PBXFrameworksBuildPhase section */

/* Begin PBXGroup section */
		1806522D2302F0A800A943AA = {
			isa = PBXGroup;
			children = (
				1817C0F12302FBDC00541F6A /* ViewController.swift */,
				180652382302F0A800A943AA /* viewFInder */,
				180652372302F0A800A943AA /* Products */,
			);
			sourceTree = "<group>";
		};
		180652372302F0A800A943AA /* Products */ = {
			isa = PBXGroup;
			children = (
				180652362302F0A800A943AA /* viewFInder.app */,
			);
			name = Products;
			sourceTree = "<group>";
		};
		180652382302F0A800A943AA /* viewFInder */ = {
			isa = PBXGroup;
			children = (
				180652392302F0A800A943AA /* AppDelegate.swift */,
				1806523D2302F0A800A943AA /* Main.storyboard */,
				1817C0F323032B2100541F6A /* photoTableTableViewController.swift */,
				180652432302F0A900A943AA /* Assets.xcassets */,
				180652452302F0A900A943AA /* LaunchScreen.storyboard */,
				180652482302F0A900A943AA /* Info.plist */,
				180652402302F0A800A943AA /* viewFInder.xcdatamodeld */,
			);
			path = viewFInder;
			sourceTree = "<group>";
		};
/* End PBXGroup section */

/* Begin PBXNativeTarget section */
		180652352302F0A800A943AA /* viewFInder */ = {
			isa = PBXNativeTarget;
			buildConfigurationList = 1806524B2302F0A900A943AA /* Build configuration list for PBXNativeTarget "viewFInder" */;
			buildPhases = (
				180652322302F0A800A943AA /* Sources */,
				180652332302F0A800A943AA /* Frameworks */,
				180652342302F0A800A943AA /* Resources */,
			);
			buildRules = (
			);
			dependencies = (
			);
			name = viewFInder;
			productName = viewFInder;
			productReference = 180652362302F0A800A943AA /* viewFInder.app */;
			productType = "com.apple.product-type.application";
		};
/* End PBXNativeTarget section */

/* Begin PBXProject section */
		1806522E2302F0A800A943AA /* Project object */ = {
			isa = PBXProject;
			attributes = {
				LastSwiftUpdateCheck = 1020;
				LastUpgradeCheck = 1020;
				ORGANIZATIONNAME = KWK;
				TargetAttributes = {
					180652352302F0A800A943AA = {
						CreatedOnToolsVersion = 10.2.1;
					};
				};
			};
			buildConfigurationList = 180652312302F0A800A943AA /* Build configuration list for PBXProject "viewFInder" */;
			compatibilityVersion = "Xcode 9.3";
			developmentRegion = en;
			hasScannedForEncodings = 0;
			knownRegions = (
				en,
				Base,
			);
			mainGroup = 1806522D2302F0A800A943AA;
			productRefGroup = 180652372302F0A800A943AA /* Products */;
			projectDirPath = "";
			projectRoot = "";
			targets = (
				180652352302F0A800A943AA /* viewFInder */,
			);
		};
/* End PBXProject section */

/* Begin PBXResourcesBuildPhase section */
		180652342302F0A800A943AA /* Resources */ = {
			isa = PBXResourcesBuildPhase;
			buildActionMask = 2147483647;
			files = (
				180652472302F0A900A943AA /* LaunchScreen.storyboard in Resources */,
				180652442302F0A900A943AA /* Assets.xcassets in Resources */,
				1806523F2302F0A800A943AA /* Main.storyboard in Resources */,
			);
			runOnlyForDeploymentPostprocessing = 0;
		};
/* End PBXResourcesBuildPhase section */

/* Begin PBXSourcesBuildPhase section */
		180652322302F0A800A943AA /* Sources */ = {
			isa = PBXSourcesBuildPhase;
			buildActionMask = 2147483647;
			files = (
				1817C0F22302FBDC00541F6A /* ViewController.swift in Sources */,
				180652422302F0A800A943AA /* viewFInder.xcdatamodeld in Sources */,
				1806523A2302F0A800A943AA /* AppDelegate.swift in Sources */,
				1817C0F423032B2100541F6A /* photoTableTableViewController.swift in Sources */,
			);
			runOnlyForDeploymentPostprocessing = 0;
		};
/* End PBXSourcesBuildPhase section */

/* Begin PBXVariantGroup section */
		1806523D2302F0A800A943AA /* Main.storyboard */ = {
			isa = PBXVariantGroup;
			children = (
				1806523E2302F0A800A943AA /* Base */,
			);
			name = Main.storyboard;
			sourceTree = "<group>";
		};
		180652452302F0A900A943AA /* LaunchScreen.storyboard */ = {
			isa = PBXVariantGroup;
			children = (
				180652462302F0A900A943AA /* Base */,
			);
			name = LaunchScreen.storyboard;
			sourceTree = "<group>";
		};
/* End PBXVariantGroup section */

/* Begin XCBuildConfiguration section */
		180652492302F0A900A943AA /* Debug */ = {
			isa = XCBuildConfiguration;
			buildSettings = {
				ALWAYS_SEARCH_USER_PATHS = NO;
				CLANG_ANALYZER_NONNULL = YES;
				CLANG_ANALYZER_NUMBER_OBJECT_CONVERSION = YES_AGGRESSIVE;
				CLANG_CXX_LANGUAGE_STANDARD = "gnu++14";
				CLANG_CXX_LIBRARY = "libc++";
				CLANG_ENABLE_MODULES = YES;
				CLANG_ENABLE_OBJC_ARC = YES;
				CLANG_ENABLE_OBJC_WEAK = YES;
				CLANG_WARN_BLOCK_CAPTURE_AUTORELEASING = YES;
				CLANG_WARN_BOOL_CONVERSION = YES;
				CLANG_WARN_COMMA = YES;
				CLANG_WARN_CONSTANT_CONVERSION = YES;
				CLANG_WARN_DEPRECATED_OBJC_IMPLEMENTATIONS = YES;
				CLANG_WARN_DIRECT_OBJC_ISA_USAGE = YES_ERROR;
				CLANG_WARN_DOCUMENTATION_COMMENTS = YES;
				CLANG_WARN_EMPTY_BODY = YES;
				CLANG_WARN_ENUM_CONVERSION = YES;
				CLANG_WARN_INFINITE_RECURSION = YES;
				CLANG_WARN_INT_CONVERSION = YES;
				CLANG_WARN_NON_LITERAL_NULL_CONVERSION = YES;
				CLANG_WARN_OBJC_IMPLICIT_RETAIN_SELF = YES;
				CLANG_WARN_OBJC_LITERAL_CONVERSION = YES;
				CLANG_WARN_OBJC_ROOT_CLASS = YES_ERROR;
				CLANG_WARN_RANGE_LOOP_ANALYSIS = YES;
				CLANG_WARN_STRICT_PROTOTYPES = YES;
				CLANG_WARN_SUSPICIOUS_MOVE = YES;
				CLANG_WARN_UNGUARDED_AVAILABILITY = YES_AGGRESSIVE;
				CLANG_WARN_UNREACHABLE_CODE = YES;
				CLANG_WARN__DUPLICATE_METHOD_MATCH = YES;
				CODE_SIGN_IDENTITY = "iPhone Developer";
				COPY_PHASE_STRIP = NO;
				DEBUG_INFORMATION_FORMAT = dwarf;
				ENABLE_STRICT_OBJC_MSGSEND = YES;
				ENABLE_TESTABILITY = YES;
				GCC_C_LANGUAGE_STANDARD = gnu11;
				GCC_DYNAMIC_NO_PIC = NO;
				GCC_NO_COMMON_BLOCKS = YES;
				GCC_OPTIMIZATION_LEVEL = 0;
				GCC_PREPROCESSOR_DEFINITIONS = (
					"DEBUG=1",
					"$(inherited)",
				);
				GCC_WARN_64_TO_32_BIT_CONVERSION = YES;
				GCC_WARN_ABOUT_RETURN_TYPE = YES_ERROR;
				GCC_WARN_UNDECLARED_SELECTOR = YES;
				GCC_WARN_UNINITIALIZED_AUTOS = YES_AGGRESSIVE;
				GCC_WARN_UNUSED_FUNCTION = YES;
				GCC_WARN_UNUSED_VARIABLE = YES;
				IPHONEOS_DEPLOYMENT_TARGET = 12.2;
				MTL_ENABLE_DEBUG_INFO = INCLUDE_SOURCE;
				MTL_FAST_MATH = YES;
				ONLY_ACTIVE_ARCH = YES;
				SDKROOT = iphoneos;
				SWIFT_ACTIVE_COMPILATION_CONDITIONS = DEBUG;
				SWIFT_OPTIMIZATION_LEVEL = "-Onone";
			};
			name = Debug;
		};
		1806524A2302F0A900A943AA /* Release */ = {
			isa = XCBuildConfiguration;
			buildSettings = {
				ALWAYS_SEARCH_USER_PATHS = NO;
				CLANG_ANALYZER_NONNULL = YES;
				CLANG_ANALYZER_NUMBER_OBJECT_CONVERSION = YES_AGGRESSIVE;
				CLANG_CXX_LANGUAGE_STANDARD = "gnu++14";
				CLANG_CXX_LIBRARY = "libc++";
				CLANG_ENABLE_MODULES = YES;
				CLANG_ENABLE_OBJC_ARC = YES;
				CLANG_ENABLE_OBJC_WEAK = YES;
				CLANG_WARN_BLOCK_CAPTURE_AUTORELEASING = YES;
				CLANG_WARN_BOOL_CONVERSION = YES;
				CLANG_WARN_COMMA = YES;
				CLANG_WARN_CONSTANT_CONVERSION = YES;
				CLANG_WARN_DEPRECATED_OBJC_IMPLEMENTATIONS = YES;
				CLANG_WARN_DIRECT_OBJC_ISA_USAGE = YES_ERROR;
				CLANG_WARN_DOCUMENTATION_COMMENTS = YES;
				CLANG_WARN_EMPTY_BODY = YES;
				CLANG_WARN_ENUM_CONVERSION = YES;
				CLANG_WARN_INFINITE_RECURSION = YES;
				CLANG_WARN_INT_CONVERSION = YES;
				CLANG_WARN_NON_LITERAL_NULL_CONVERSION = YES;
				CLANG_WARN_OBJC_IMPLICIT_RETAIN_SELF = YES;
				CLANG_WARN_OBJC_LITERAL_CONVERSION = YES;
				CLANG_WARN_OBJC_ROOT_CLASS = YES_ERROR;
				CLANG_WARN_RANGE_LOOP_ANALYSIS = YES;
				CLANG_WARN_STRICT_PROTOTYPES = YES;
				CLANG_WARN_SUSPICIOUS_MOVE = YES;
				CLANG_WARN_UNGUARDED_AVAILABILITY = YES_AGGRESSIVE;
				CLANG_WARN_UNREACHABLE_CODE = YES;
				CLANG_WARN__DUPLICATE_METHOD_MATCH = YES;
				CODE_SIGN_IDENTITY = "iPhone Developer";
				COPY_PHASE_STRIP = NO;
				DEBUG_INFORMATION_FORMAT = "dwarf-with-dsym";
				ENABLE_NS_ASSERTIONS = NO;
				ENABLE_STRICT_OBJC_MSGSEND = YES;
				GCC_C_LANGUAGE_STANDARD = gnu11;
				GCC_NO_COMMON_BLOCKS = YES;
				GCC_WARN_64_TO_32_BIT_CONVERSION = YES;
				GCC_WARN_ABOUT_RETURN_TYPE = YES_ERROR;
				GCC_WARN_UNDECLARED_SELECTOR = YES;
				GCC_WARN_UNINITIALIZED_AUTOS = YES_AGGRESSIVE;
				GCC_WARN_UNUSED_FUNCTION = YES;
				GCC_WARN_UNUSED_VARIABLE = YES;
				IPHONEOS_DEPLOYMENT_TARGET = 12.2;
				MTL_ENABLE_DEBUG_INFO = NO;
				MTL_FAST_MATH = YES;
				SDKROOT = iphoneos;
				SWIFT_COMPILATION_MODE = wholemodule;
				SWIFT_OPTIMIZATION_LEVEL = "-O";
				VALIDATE_PRODUCT = YES;
			};
			name = Release;
		};
		1806524C2302F0A900A943AA /* Debug */ = {
			isa = XCBuildConfiguration;
			buildSettings = {
				ASSETCATALOG_COMPILER_APPICON_NAME = AppIcon;
				CODE_SIGN_STYLE = Automatic;
				INFOPLIST_FILE = viewFInder/Info.plist;
				LD_RUNPATH_SEARCH_PATHS = (
					"$(inherited)",
					"@executable_path/Frameworks",
				);
				PRODUCT_BUNDLE_IDENTIFIER = com.practice.viewFInder;
				PRODUCT_NAME = "$(TARGET_NAME)";
				SWIFT_VERSION = 5.0;
				TARGETED_DEVICE_FAMILY = "1,2";
			};
			name = Debug;
		};
		1806524D2302F0A900A943AA /* Release */ = {
			isa = XCBuildConfiguration;
			buildSettings = {
				ASSETCATALOG_COMPILER_APPICON_NAME = AppIcon;
				CODE_SIGN_STYLE = Automatic;
				INFOPLIST_FILE = viewFInder/Info.plist;
				LD_RUNPATH_SEARCH_PATHS = (
					"$(inherited)",
					"@executable_path/Frameworks",
				);
				PRODUCT_BUNDLE_IDENTIFIER = com.practice.viewFInder;
				PRODUCT_NAME = "$(TARGET_NAME)";
				SWIFT_VERSION = 5.0;
				TARGETED_DEVICE_FAMILY = "1,2";
			};
			name = Release;
		};
/* End XCBuildConfiguration section */

/* Begin XCConfigurationList section */
		180652312302F0A800A943AA /* Build configuration list for PBXProject "viewFInder" */ = {
			isa = XCConfigurationList;
			buildConfigurations = (
				180652492302F0A900A943AA /* Debug */,
				1806524A2302F0A900A943AA /* Release */,
			);
			defaultConfigurationIsVisible = 0;
			defaultConfigurationName = Release;
		};
		1806524B2302F0A900A943AA /* Build configuration list for PBXNativeTarget "viewFInder" */ = {
			isa = XCConfigurationList;
			buildConfigurations = (
				1806524C2302F0A900A943AA /* Debug */,
				1806524D2302F0A900A943AA /* Release */,
			);
			defaultConfigurationIsVisible = 0;
			defaultConfigurationName = Release;
		};
/* End XCConfigurationList section */

/* Begin XCVersionGroup section */
		180652402302F0A800A943AA /* viewFInder.xcdatamodeld */ = {
			isa = XCVersionGroup;
			children = (
				180652412302F0A800A943AA /* viewFInder.xcdatamodel */,
			);
			currentVersion = 180652412302F0A800A943AA /* viewFInder.xcdatamodel */;
			path = viewFInder.xcdatamodeld;
			sourceTree = "<group>";
			versionGroupType = wrapper.xcdatamodel;
		};
/* End XCVersionGroup section */
	};
	rootObject = 1806522E2302F0A800A943AA /* Project object */;
}
